{
    "_readme": [
        "This file locks the dependencies of your project to a known state",
        "Read more about it at https://getcomposer.org/doc/01-basic-usage.md#composer-lock-the-lock-file",
        "This file is @generated automatically"
    ],
    "hash": "884f2b133ce1089aa2a888e7e8fe960e",
    "content-hash": "ef4c6ddc0a53f94192ae27fd0f93ac16",
    "packages": [
        {
            "name": "skypress/war-ng-theme",
            "version": "v0.1.2-alpha",
            "source": {
                "type": "git",
                "url": "https://github.com/SkyPressATX/war-ng-theme.git",
                "reference": "ccc59a894fb52d394f03d8fba9c7c620b2af4da2"
            },
            "dist": {
                "type": "zip",
                "url": "https://api.github.com/repos/SkyPressATX/war-ng-theme/zipball/ccc59a894fb52d394f03d8fba9c7c620b2af4da2",
                "reference": "ccc59a894fb52d394f03d8fba9c7c620b2af4da2",
                "shasum": ""
            },
            "require": {
                "php": ">=5.6"
            },
            "type": "library",
            "autoload": {
                "psr-4": {
                    "WAR\\": "src/"
                }
            },
            "notification-url": "https://packagist.org/downloads/",
            "license": [
                "MIT"
            ],
            "authors": [
                {
                    "name": "Ben Moore",
                    "email": "bmo@skypress.io"
                }
            ],
            "description": "Library to help build Angular based WordPress theme.",
            "time": "2018-01-04 16:59:01"
        }
    ],
    "packages-dev": [],
    "aliases": [],
    "minimum-stability": "alpha",
    "stability-flags": {
        "skypress/war-ng-theme": 15
    },
    "prefer-stable": false,
    "prefer-lowest": false,
    "platform": [],
    "platform-dev": []
}
